
Microsoft Visual Studio Solution File, Format Version 12.00
Project("{FAE04EC0-301F-11D3-BF4B-00C04F79EFBC}") = "MovieSystem.AppHost", "MovieSystem.AppHost\MovieSystem.AppHost.csproj", "{504340B6-0497-47C9-80A8-316BA1C968F4}"
EndProject
Project("{FAE04EC0-301F-11D3-BF4B-00C04F79EFBC}") = "MovieSystem.ServiceDefaults", "MovieSystem.ServiceDefaults\MovieSystem.ServiceDefaults.csproj", "{6B305BAD-99BB-4E28-97A1-5F732A5D38F4}"
EndProject
Project("{FAE04EC0-301F-11D3-BF4B-00C04F79EFBC}") = "Movies.APP", "Movies.APP\Movies.APP.csproj", "{B13E5628-7ACC-4B63-BBF7-5DA98E270A30}"
EndProject
Project("{FAE04EC0-301F-11D3-BF4B-00C04F79EFBC}") = "CORE", "CORE\CORE.csproj", "{49DB3AF3-7C9F-4A51-BBD4-190066773252}"
EndProject
Project("{FAE04EC0-301F-11D3-BF4B-00C04F79EFBC}") = "Users.APP", "Users.APP\Users.APP.csproj", "{D9DBF96C-271A-410E-BF40-862ECDDFBCD5}"
EndProject
Project("{FAE04EC0-301F-11D3-BF4B-00C04F79EFBC}") = "Users.API", "Users.API\Users.API.csproj", "{E0BA2B73-E114-40F4-A6EB-193DFCEB9338}"
EndProject
Global
	GlobalSection(SolutionConfigurationPlatforms) = preSolution
		Debug|Any CPU = Debug|Any CPU
		Release|Any CPU = Release|Any CPU
	EndGlobalSection
	GlobalSection(ProjectConfigurationPlatforms) = postSolution
		{504340B6-0497-47C9-80A8-316BA1C968F4}.Debug|Any CPU.ActiveCfg = Debug|Any CPU
		{504340B6-0497-47C9-80A8-316BA1C968F4}.Debug|Any CPU.Build.0 = Debug|Any CPU
		{504340B6-0497-47C9-80A8-316BA1C968F4}.Release|Any CPU.ActiveCfg = Release|Any CPU
		{504340B6-0497-47C9-80A8-316BA1C968F4}.Release|Any CPU.Build.0 = Release|Any CPU
		{6B305BAD-99BB-4E28-97A1-5F732A5D38F4}.Debug|Any CPU.ActiveCfg = Debug|Any CPU
		{6B305BAD-99BB-4E28-97A1-5F732A5D38F4}.Debug|Any CPU.Build.0 = Debug|Any CPU
		{6B305BAD-99BB-4E28-97A1-5F732A5D38F4}.Release|Any CPU.ActiveCfg = Release|Any CPU
		{6B305BAD-99BB-4E28-97A1-5F732A5D38F4}.Release|Any CPU.Build.0 = Release|Any CPU
		{B13E5628-7ACC-4B63-BBF7-5DA98E270A30}.Debug|Any CPU.ActiveCfg = Debug|Any CPU
		{B13E5628-7ACC-4B63-BBF7-5DA98E270A30}.Debug|Any CPU.Build.0 = Debug|Any CPU
		{B13E5628-7ACC-4B63-BBF7-5DA98E270A30}.Release|Any CPU.ActiveCfg = Release|Any CPU
		{B13E5628-7ACC-4B63-BBF7-5DA98E270A30}.Release|Any CPU.Build.0 = Release|Any CPU
		{49DB3AF3-7C9F-4A51-BBD4-190066773252}.Debug|Any CPU.ActiveCfg = Debug|Any CPU
		{49DB3AF3-7C9F-4A51-BBD4-190066773252}.Debug|Any CPU.Build.0 = Debug|Any CPU
		{49DB3AF3-7C9F-4A51-BBD4-190066773252}.Release|Any CPU.ActiveCfg = Release|Any CPU
		{49DB3AF3-7C9F-4A51-BBD4-190066773252}.Release|Any CPU.Build.0 = Release|Any CPU
		{D9DBF96C-271A-410E-BF40-862ECDDFBCD5}.Debug|Any CPU.ActiveCfg = Debug|Any CPU
		{D9DBF96C-271A-410E-BF40-862ECDDFBCD5}.Debug|Any CPU.Build.0 = Debug|Any CPU
		{D9DBF96C-271A-410E-BF40-862ECDDFBCD5}.Release|Any CPU.ActiveCfg = Release|Any CPU
		{D9DBF96C-271A-410E-BF40-862ECDDFBCD5}.Release|Any CPU.Build.0 = Release|Any CPU
		{E0BA2B73-E114-40F4-A6EB-193DFCEB9338}.Debug|Any CPU.ActiveCfg = Debug|Any CPU
		{E0BA2B73-E114-40F4-A6EB-193DFCEB9338}.Debug|Any CPU.Build.0 = Debug|Any CPU
		{E0BA2B73-E114-40F4-A6EB-193DFCEB9338}.Release|Any CPU.ActiveCfg = Release|Any CPU
		{E0BA2B73-E114-40F4-A6EB-193DFCEB9338}.Release|Any CPU.Build.0 = Release|Any CPU
	EndGlobalSection
EndGlobal
